// !$*UTF8*$!
{
	archiveVersion = 1;
	classes = {
	};
	objectVersion = 51;
	objects = {

/* Begin PBXBuildFile section */
		4545362A2752B0C00061805F /* SampleSwipeableCard.xib in Resources */ = {isa = PBXBuildFile; fileRef = 4545361A2752B0C00061805F /* SampleSwipeableCard.xib */; };
		4545362B2752B0C00061805F /* SampleSwipeableCellViewModel.swift in Sources */ = {isa = PBXBuildFile; fileRef = 4545361B2752B0C00061805F /* SampleSwipeableCellViewModel.swift */; };
		4545362C2752B0C00061805F /* SwipeableViewDelegate.swift in Sources */ = {isa = PBXBuildFile; fileRef = 4545361C2752B0C00061805F /* SwipeableViewDelegate.swift */; };
		4545362D2752B0C00061805F /* StaticShadowHeaderView.xib in Resources */ = {isa = PBXBuildFile; fileRef = 4545361D2752B0C00061805F /* StaticShadowHeaderView.xib */; };
		4545362E2752B0C00061805F /* CGRect+SwipeAdditions.swift in Sources */ = {isa = PBXBuildFile; fileRef = 4545361E2752B0C00061805F /* CGRect+SwipeAdditions.swift */; };
		4545362F2752B0C00061805F /* SwipeableCardViewCard.swift in Sources */ = {isa = PBXBuildFile; fileRef = 4545361F2752B0C00061805F /* SwipeableCardViewCard.swift */; };
		454536302752B0C00061805F /* SwipeableCardViewContainer.swift in Sources */ = {isa = PBXBuildFile; fileRef = 454536202752B0C00061805F /* SwipeableCardViewContainer.swift */; };
		454536312752B0C00061805F /* SwipeableCardViewDataSource.swift in Sources */ = {isa = PBXBuildFile; fileRef = 454536212752B0C00061805F /* SwipeableCardViewDataSource.swift */; };
		454536322752B0C00061805F /* SampleSwipeableCard.swift in Sources */ = {isa = PBXBuildFile; fileRef = 454536222752B0C00061805F /* SampleSwipeableCard.swift */; };
		454536332752B0C00061805F /* SwipeableCardViewCard.xib in Resources */ = {isa = PBXBuildFile; fileRef = 454536232752B0C00061805F /* SwipeableCardViewCard.xib */; };
		454536342752B0C00061805F /* NibView.swift in Sources */ = {isa = PBXBuildFile; fileRef = 454536242752B0C00061805F /* NibView.swift */; };
		454536352752B0C00061805F /* StaticShadowHeaderView.swift in Sources */ = {isa = PBXBuildFile; fileRef = 454536252752B0C00061805F /* StaticShadowHeaderView.swift */; };
		454536362752B0C00061805F /* CGPoint+SwipeableAdditions.swift in Sources */ = {isa = PBXBuildFile; fileRef = 454536262752B0C00061805F /* CGPoint+SwipeableAdditions.swift */; };
		454536372752B0C00061805F /* SwipeableCardViewDelegate.swift in Sources */ = {isa = PBXBuildFile; fileRef = 454536272752B0C00061805F /* SwipeableCardViewDelegate.swift */; };
		454536382752B0C00061805F /* SwipeableView.swift in Sources */ = {isa = PBXBuildFile; fileRef = 454536282752B0C00061805F /* SwipeableView.swift */; };
		454536392752B0C00061805F /* SwipeDirection.swift in Sources */ = {isa = PBXBuildFile; fileRef = 454536292752B0C00061805F /* SwipeDirection.swift */; };
		45CD8E0F2752B22E00204405 /* extensionView.swift in Sources */ = {isa = PBXBuildFile; fileRef = 45CD8E0E2752B22D00204405 /* extensionView.swift */; };
		45EC5C1727521A3000C7F5A0 /* ElementTableView.swift in Sources */ = {isa = PBXBuildFile; fileRef = 45EC5C1627521A3000C7F5A0 /* ElementTableView.swift */; };
		45EC5C1A27521AD500C7F5A0 /* ElementEnum.swift in Sources */ = {isa = PBXBuildFile; fileRef = 45EC5C1927521AD500C7F5A0 /* ElementEnum.swift */; };
		45EC5C1C27521B1800C7F5A0 /* UIElementCell.swift in Sources */ = {isa = PBXBuildFile; fileRef = 45EC5C1B27521B1800C7F5A0 /* UIElementCell.swift */; };
		45EC5C1E27521C2B00C7F5A0 /* extensionConstrint.swift in Sources */ = {isa = PBXBuildFile; fileRef = 45EC5C1D27521C2B00C7F5A0 /* extensionConstrint.swift */; };
		45EC5C202752271000C7F5A0 /* DragableView.swift in Sources */ = {isa = PBXBuildFile; fileRef = 45EC5C1F2752271000C7F5A0 /* DragableView.swift */; };
		45EC5C232752606C00C7F5A0 /* BuildVC.swift in Sources */ = {isa = PBXBuildFile; fileRef = 45EC5C222752606C00C7F5A0 /* BuildVC.swift */; };
		45EC5C252752617300C7F5A0 /* AppModel.swift in Sources */ = {isa = PBXBuildFile; fileRef = 45EC5C242752617300C7F5A0 /* AppModel.swift */; };
		83FFFCC5275213340052408B /* AppDelegate.swift in Sources */ = {isa = PBXBuildFile; fileRef = 83FFFCC4275213340052408B /* AppDelegate.swift */; };
		83FFFCC7275213340052408B /* SceneDelegate.swift in Sources */ = {isa = PBXBuildFile; fileRef = 83FFFCC6275213340052408B /* SceneDelegate.swift */; };
		83FFFCC9275213340052408B /* ConstructorVC.swift in Sources */ = {isa = PBXBuildFile; fileRef = 83FFFCC8275213340052408B /* ConstructorVC.swift */; };
		83FFFCCC275213340052408B /* Main.storyboard in Resources */ = {isa = PBXBuildFile; fileRef = 83FFFCCA275213340052408B /* Main.storyboard */; };
		83FFFCCE275213370052408B /* Assets.xcassets in Resources */ = {isa = PBXBuildFile; fileRef = 83FFFCCD275213370052408B /* Assets.xcassets */; };
		83FFFCD1275213370052408B /* LaunchScreen.storyboard in Resources */ = {isa = PBXBuildFile; fileRef = 83FFFCCF275213370052408B /* LaunchScreen.storyboard */; };
		83FFFCDA275220A70052408B /* ControllersMapView.swift in Sources */ = {isa = PBXBuildFile; fileRef = 83FFFCD9275220A70052408B /* ControllersMapView.swift */; };
		83FFFCDC275227F70052408B /* ControllersMapCell.swift in Sources */ = {isa = PBXBuildFile; fileRef = 83FFFCDB275227F70052408B /* ControllersMapCell.swift */; };
		83FFFCDF27522EB30052408B /* ConfigComponentView.swift in Sources */ = {isa = PBXBuildFile; fileRef = 83FFFCDE27522EB30052408B /* ConfigComponentView.swift */; };
		83FFFCE12752374C0052408B /* ConfigComponentCell.swift in Sources */ = {isa = PBXBuildFile; fileRef = 83FFFCE02752374C0052408B /* ConfigComponentCell.swift */; };
		83FFFCE4275238850052408B /* ConfigParametrModel.swift in Sources */ = {isa = PBXBuildFile; fileRef = 83FFFCE3275238850052408B /* ConfigParametrModel.swift */; };
		83FFFCE6275238940052408B /* ControllerModel.swift in Sources */ = {isa = PBXBuildFile; fileRef = 83FFFCE5275238940052408B /* ControllerModel.swift */; };
		83FFFCE927523D3F0052408B /* AppMapView.swift in Sources */ = {isa = PBXBuildFile; fileRef = 83FFFCE827523D3F0052408B /* AppMapView.swift */; };
		83FFFCEB27523E110052408B /* ControllerDesrCell.swift in Sources */ = {isa = PBXBuildFile; fileRef = 83FFFCEA27523E110052408B /* ControllerDesrCell.swift */; };
		83FFFCEE27524F010052408B /* ElementModel.swift in Sources */ = {isa = PBXBuildFile; fileRef = 83FFFCED27524F010052408B /* ElementModel.swift */; };
		83FFFCF02752949A0052408B /* extensionUIColor.swift in Sources */ = {isa = PBXBuildFile; fileRef = 83FFFCEF275294990052408B /* extensionUIColor.swift */; };
		A0FF69F7A48DE8E5536548B8 /* Pods_FutureGo.framework in Frameworks */ = {isa = PBXBuildFile; fileRef = F97B3EE39AC8FBCA411A2B01 /* Pods_FutureGo.framework */; };
/* End PBXBuildFile section */

/* Begin PBXFileReference section */
		4545361A2752B0C00061805F /* SampleSwipeableCard.xib */ = {isa = PBXFileReference; fileEncoding = 4; lastKnownFileType = file.xib; name = SampleSwipeableCard.xib; path = ../../../../Ayda_iOS/letsGo/SupportFile/SwipableView/SupportView/SwipableView/SampleSwipeableCard.xib; sourceTree = "<group>"; };
		4545361B2752B0C00061805F /* SampleSwipeableCellViewModel.swift */ = {isa = PBXFileReference; fileEncoding = 4; lastKnownFileType = sourcecode.swift; name = SampleSwipeableCellViewModel.swift; path = ../../../../Ayda_iOS/letsGo/SupportFile/SwipableView/SupportView/SwipableView/SampleSwipeableCellViewModel.swift; sourceTree = "<group>"; };
		4545361C2752B0C00061805F /* SwipeableViewDelegate.swift */ = {isa = PBXFileReference; fileEncoding = 4; lastKnownFileType = sourcecode.swift; name = SwipeableViewDelegate.swift; path = ../../../../Ayda_iOS/letsGo/SupportFile/SwipableView/SupportView/SwipableView/SwipeableViewDelegate.swift; sourceTree = "<group>"; };
		4545361D2752B0C00061805F /* StaticShadowHeaderView.xib */ = {isa = PBXFileReference; fileEncoding = 4; lastKnownFileType = file.xib; name = StaticShadowHeaderView.xib; path = ../../../../Ayda_iOS/letsGo/SupportFile/SwipableView/SupportView/SwipableView/StaticShadowHeaderView.xib; sourceTree = "<group>"; };
		4545361E2752B0C00061805F /* CGRect+SwipeAdditions.swift */ = {isa = PBXFileReference; fileEncoding = 4; lastKnownFileType = sourcecode.swift; name = "CGRect+SwipeAdditions.swift"; path = "../../../../Ayda_iOS/letsGo/SupportFile/SwipableView/SupportView/SwipableView/CGRect+SwipeAdditions.swift"; sourceTree = "<group>"; };
		4545361F2752B0C00061805F /* SwipeableCardViewCard.swift */ = {isa = PBXFileReference; fileEncoding = 4; lastKnownFileType = sourcecode.swift; name = SwipeableCardViewCard.swift; path = ../../../../Ayda_iOS/letsGo/SupportFile/SwipableView/SupportView/SwipableView/SwipeableCardViewCard.swift; sourceTree = "<group>"; };
		454536202752B0C00061805F /* SwipeableCardViewContainer.swift */ = {isa = PBXFileReference; fileEncoding = 4; lastKnownFileType = sourcecode.swift; name = SwipeableCardViewContainer.swift; path = ../../../../Ayda_iOS/letsGo/SupportFile/SwipableView/SupportView/SwipableView/SwipeableCardViewContainer.swift; sourceTree = "<group>"; };
		454536212752B0C00061805F /* SwipeableCardViewDataSource.swift */ = {isa = PBXFileReference; fileEncoding = 4; lastKnownFileType = sourcecode.swift; name = SwipeableCardViewDataSource.swift; path = ../../../../Ayda_iOS/letsGo/SupportFile/SwipableView/SupportView/SwipableView/SwipeableCardViewDataSource.swift; sourceTree = "<group>"; };
		454536222752B0C00061805F /* SampleSwipeableCard.swift */ = {isa = PBXFileReference; fileEncoding = 4; lastKnownFileType = sourcecode.swift; name = SampleSwipeableCard.swift; path = ../../../../Ayda_iOS/letsGo/SupportFile/SwipableView/SupportView/SwipableView/SampleSwipeableCard.swift; sourceTree = "<group>"; };
		454536232752B0C00061805F /* SwipeableCardViewCard.xib */ = {isa = PBXFileReference; fileEncoding = 4; lastKnownFileType = file.xib; name = SwipeableCardViewCard.xib; path = ../../../../Ayda_iOS/letsGo/SupportFile/SwipableView/SupportView/SwipableView/SwipeableCardViewCard.xib; sourceTree = "<group>"; };
		454536242752B0C00061805F /* NibView.swift */ = {isa = PBXFileReference; fileEncoding = 4; lastKnownFileType = sourcecode.swift; name = NibView.swift; path = ../../../../Ayda_iOS/letsGo/SupportFile/SwipableView/SupportView/SwipableView/NibView.swift; sourceTree = "<group>"; };
		454536252752B0C00061805F /* StaticShadowHeaderView.swift */ = {isa = PBXFileReference; fileEncoding = 4; lastKnownFileType = sourcecode.swift; name = StaticShadowHeaderView.swift; path = ../../../../Ayda_iOS/letsGo/SupportFile/SwipableView/SupportView/SwipableView/StaticShadowHeaderView.swift; sourceTree = "<group>"; };
		454536262752B0C00061805F /* CGPoint+SwipeableAdditions.swift */ = {isa = PBXFileReference; fileEncoding = 4; lastKnownFileType = sourcecode.swift; name = "CGPoint+SwipeableAdditions.swift"; path = "../../../../Ayda_iOS/letsGo/SupportFile/SwipableView/SupportView/SwipableView/CGPoint+SwipeableAdditions.swift"; sourceTree = "<group>"; };
		454536272752B0C00061805F /* SwipeableCardViewDelegate.swift */ = {isa = PBXFileReference; fileEncoding = 4; lastKnownFileType = sourcecode.swift; name = SwipeableCardViewDelegate.swift; path = ../../../../Ayda_iOS/letsGo/SupportFile/SwipableView/SupportView/SwipableView/SwipeableCardViewDelegate.swift; sourceTree = "<group>"; };
		454536282752B0C00061805F /* SwipeableView.swift */ = {isa = PBXFileReference; fileEncoding = 4; lastKnownFileType = sourcecode.swift; name = SwipeableView.swift; path = ../../../../Ayda_iOS/letsGo/SupportFile/SwipableView/SupportView/SwipableView/SwipeableView.swift; sourceTree = "<group>"; };
		454536292752B0C00061805F /* SwipeDirection.swift */ = {isa = PBXFileReference; fileEncoding = 4; lastKnownFileType = sourcecode.swift; name = SwipeDirection.swift; path = ../../../../Ayda_iOS/letsGo/SupportFile/SwipableView/SupportView/SwipableView/SwipeDirection.swift; sourceTree = "<group>"; };
		45CD8E0E2752B22D00204405 /* extensionView.swift */ = {isa = PBXFileReference; lastKnownFileType = sourcecode.swift; path = extensionView.swift; sourceTree = "<group>"; };
		45EC5C1627521A3000C7F5A0 /* ElementTableView.swift */ = {isa = PBXFileReference; lastKnownFileType = sourcecode.swift; path = ElementTableView.swift; sourceTree = "<group>"; };
		45EC5C1927521AD500C7F5A0 /* ElementEnum.swift */ = {isa = PBXFileReference; lastKnownFileType = sourcecode.swift; path = ElementEnum.swift; sourceTree = "<group>"; };
		45EC5C1B27521B1800C7F5A0 /* UIElementCell.swift */ = {isa = PBXFileReference; lastKnownFileType = sourcecode.swift; path = UIElementCell.swift; sourceTree = "<group>"; };
		45EC5C1D27521C2B00C7F5A0 /* extensionConstrint.swift */ = {isa = PBXFileReference; lastKnownFileType = sourcecode.swift; path = extensionConstrint.swift; sourceTree = "<group>"; };
		45EC5C1F2752271000C7F5A0 /* DragableView.swift */ = {isa = PBXFileReference; lastKnownFileType = sourcecode.swift; path = DragableView.swift; sourceTree = "<group>"; };
		45EC5C222752606C00C7F5A0 /* BuildVC.swift */ = {isa = PBXFileReference; lastKnownFileType = sourcecode.swift; path = BuildVC.swift; sourceTree = "<group>"; };
		45EC5C242752617300C7F5A0 /* AppModel.swift */ = {isa = PBXFileReference; lastKnownFileType = sourcecode.swift; path = AppModel.swift; sourceTree = "<group>"; };
		83FFFCC1275213340052408B /* FutureGo.app */ = {isa = PBXFileReference; explicitFileType = wrapper.application; includeInIndex = 0; path = FutureGo.app; sourceTree = BUILT_PRODUCTS_DIR; };
		83FFFCC4275213340052408B /* AppDelegate.swift */ = {isa = PBXFileReference; lastKnownFileType = sourcecode.swift; path = AppDelegate.swift; sourceTree = "<group>"; };
		83FFFCC6275213340052408B /* SceneDelegate.swift */ = {isa = PBXFileReference; lastKnownFileType = sourcecode.swift; path = SceneDelegate.swift; sourceTree = "<group>"; };
		83FFFCC8275213340052408B /* ConstructorVC.swift */ = {isa = PBXFileReference; lastKnownFileType = sourcecode.swift; path = ConstructorVC.swift; sourceTree = "<group>"; };
		83FFFCCB275213340052408B /* Base */ = {isa = PBXFileReference; lastKnownFileType = file.storyboard; name = Base; path = Base.lproj/Main.storyboard; sourceTree = "<group>"; };
		83FFFCCD275213370052408B /* Assets.xcassets */ = {isa = PBXFileReference; lastKnownFileType = folder.assetcatalog; path = Assets.xcassets; sourceTree = "<group>"; };
		83FFFCD0275213370052408B /* Base */ = {isa = PBXFileReference; lastKnownFileType = file.storyboard; name = Base; path = Base.lproj/LaunchScreen.storyboard; sourceTree = "<group>"; };
		83FFFCD2275213370052408B /* Info.plist */ = {isa = PBXFileReference; lastKnownFileType = text.plist.xml; path = Info.plist; sourceTree = "<group>"; };
		83FFFCD9275220A70052408B /* ControllersMapView.swift */ = {isa = PBXFileReference; lastKnownFileType = sourcecode.swift; path = ControllersMapView.swift; sourceTree = "<group>"; };
		83FFFCDB275227F70052408B /* ControllersMapCell.swift */ = {isa = PBXFileReference; lastKnownFileType = sourcecode.swift; path = ControllersMapCell.swift; sourceTree = "<group>"; };
		83FFFCDE27522EB30052408B /* ConfigComponentView.swift */ = {isa = PBXFileReference; lastKnownFileType = sourcecode.swift; path = ConfigComponentView.swift; sourceTree = "<group>"; };
		83FFFCE02752374C0052408B /* ConfigComponentCell.swift */ = {isa = PBXFileReference; lastKnownFileType = sourcecode.swift; path = ConfigComponentCell.swift; sourceTree = "<group>"; };
		83FFFCE3275238850052408B /* ConfigParametrModel.swift */ = {isa = PBXFileReference; lastKnownFileType = sourcecode.swift; path = ConfigParametrModel.swift; sourceTree = "<group>"; };
		83FFFCE5275238940052408B /* ControllerModel.swift */ = {isa = PBXFileReference; lastKnownFileType = sourcecode.swift; path = ControllerModel.swift; sourceTree = "<group>"; };
		83FFFCE827523D3F0052408B /* AppMapView.swift */ = {isa = PBXFileReference; lastKnownFileType = sourcecode.swift; path = AppMapView.swift; sourceTree = "<group>"; };
		83FFFCEA27523E110052408B /* ControllerDesrCell.swift */ = {isa = PBXFileReference; lastKnownFileType = sourcecode.swift; path = ControllerDesrCell.swift; sourceTree = "<group>"; };
		83FFFCED27524F010052408B /* ElementModel.swift */ = {isa = PBXFileReference; lastKnownFileType = sourcecode.swift; path = ElementModel.swift; sourceTree = "<group>"; };
		83FFFCEF275294990052408B /* extensionUIColor.swift */ = {isa = PBXFileReference; lastKnownFileType = sourcecode.swift; path = extensionUIColor.swift; sourceTree = "<group>"; };
		9F102D59536DC34A0A2B83E5 /* Pods-FutureGo.debug.xcconfig */ = {isa = PBXFileReference; includeInIndex = 1; lastKnownFileType = text.xcconfig; name = "Pods-FutureGo.debug.xcconfig"; path = "Target Support Files/Pods-FutureGo/Pods-FutureGo.debug.xcconfig"; sourceTree = "<group>"; };
		E189E6755AF98E4103562607 /* Pods-FutureGo.release.xcconfig */ = {isa = PBXFileReference; includeInIndex = 1; lastKnownFileType = text.xcconfig; name = "Pods-FutureGo.release.xcconfig"; path = "Target Support Files/Pods-FutureGo/Pods-FutureGo.release.xcconfig"; sourceTree = "<group>"; };
		F97B3EE39AC8FBCA411A2B01 /* Pods_FutureGo.framework */ = {isa = PBXFileReference; explicitFileType = wrapper.framework; includeInIndex = 0; path = Pods_FutureGo.framework; sourceTree = BUILT_PRODUCTS_DIR; };
/* End PBXFileReference section */

/* Begin PBXFrameworksBuildPhase section */
		83FFFCBE275213340052408B /* Frameworks */ = {
			isa = PBXFrameworksBuildPhase;
			buildActionMask = 2147483647;
			files = (
				A0FF69F7A48DE8E5536548B8 /* Pods_FutureGo.framework in Frameworks */,
			);
			runOnlyForDeploymentPostprocessing = 0;
		};
/* End PBXFrameworksBuildPhase section */

/* Begin PBXGroup section */
		336565972DC39BAA41FF2B6E /* Frameworks */ = {
			isa = PBXGroup;
			children = (
				F97B3EE39AC8FBCA411A2B01 /* Pods_FutureGo.framework */,
			);
			name = Frameworks;
			sourceTree = "<group>";
		};
		454536192752B0A70061805F /* SwipableView */ = {
			isa = PBXGroup;
			children = (
				454536262752B0C00061805F /* CGPoint+SwipeableAdditions.swift */,
				4545361E2752B0C00061805F /* CGRect+SwipeAdditions.swift */,
				454536242752B0C00061805F /* NibView.swift */,
				454536222752B0C00061805F /* SampleSwipeableCard.swift */,
				4545361A2752B0C00061805F /* SampleSwipeableCard.xib */,
				4545361B2752B0C00061805F /* SampleSwipeableCellViewModel.swift */,
				454536252752B0C00061805F /* StaticShadowHeaderView.swift */,
				4545361D2752B0C00061805F /* StaticShadowHeaderView.xib */,
				4545361F2752B0C00061805F /* SwipeableCardViewCard.swift */,
				454536232752B0C00061805F /* SwipeableCardViewCard.xib */,
				454536202752B0C00061805F /* SwipeableCardViewContainer.swift */,
				454536212752B0C00061805F /* SwipeableCardViewDataSource.swift */,
				454536272752B0C00061805F /* SwipeableCardViewDelegate.swift */,
				454536282752B0C00061805F /* SwipeableView.swift */,
				4545361C2752B0C00061805F /* SwipeableViewDelegate.swift */,
				454536292752B0C00061805F /* SwipeDirection.swift */,
				45CD8E0E2752B22D00204405 /* extensionView.swift */,
			);
			path = SwipableView;
			sourceTree = "<group>";
		};
		45EC5C1827521AC900C7F5A0 /* ElementTableView */ = {
			isa = PBXGroup;
			children = (
				45EC5C1627521A3000C7F5A0 /* ElementTableView.swift */,
				45EC5C1B27521B1800C7F5A0 /* UIElementCell.swift */,
			);
			path = ElementTableView;
			sourceTree = "<group>";
		};
		45EC5C212752605700C7F5A0 /* Support */ = {
			isa = PBXGroup;
			children = (
				45EC5C1D27521C2B00C7F5A0 /* extensionConstrint.swift */,
				45EC5C1F2752271000C7F5A0 /* DragableView.swift */,
				83FFFCEF275294990052408B /* extensionUIColor.swift */,
			);
			path = Support;
			sourceTree = "<group>";
		};
		5F9A28268B1C9E4B4D77D178 /* Pods */ = {
			isa = PBXGroup;
			children = (
				9F102D59536DC34A0A2B83E5 /* Pods-FutureGo.debug.xcconfig */,
				E189E6755AF98E4103562607 /* Pods-FutureGo.release.xcconfig */,
			);
			path = Pods;
			sourceTree = "<group>";
		};
		83FFFCB8275213340052408B = {
			isa = PBXGroup;
			children = (
				83FFFCC3275213340052408B /* FutureGo */,
				83FFFCC2275213340052408B /* Products */,
				5F9A28268B1C9E4B4D77D178 /* Pods */,
				336565972DC39BAA41FF2B6E /* Frameworks */,
			);
			sourceTree = "<group>";
		};
		83FFFCC2275213340052408B /* Products */ = {
			isa = PBXGroup;
			children = (
				83FFFCC1275213340052408B /* FutureGo.app */,
			);
			name = Products;
			sourceTree = "<group>";
		};
		83FFFCC3275213340052408B /* FutureGo */ = {
			isa = PBXGroup;
			children = (
				83FFFCE22752387C0052408B /* Model */,
				83FFFCC4275213340052408B /* AppDelegate.swift */,
				83FFFCC6275213340052408B /* SceneDelegate.swift */,
				83FFFCC8275213340052408B /* ConstructorVC.swift */,
				45EC5C222752606C00C7F5A0 /* BuildVC.swift */,
				83FFFCE727523D2E0052408B /* AppMap */,
				83FFFCD8275220740052408B /* ControllersMap */,
				83FFFCDD27522E960052408B /* ConfigComponentView */,
				45EC5C1827521AC900C7F5A0 /* ElementTableView */,
				454536192752B0A70061805F /* SwipableView */,
				45EC5C212752605700C7F5A0 /* Support */,
				83FFFCCA275213340052408B /* Main.storyboard */,
				83FFFCCD275213370052408B /* Assets.xcassets */,
				83FFFCCF275213370052408B /* LaunchScreen.storyboard */,
				83FFFCD2275213370052408B /* Info.plist */,
			);
			path = FutureGo;
			sourceTree = "<group>";
		};
		83FFFCD8275220740052408B /* ControllersMap */ = {
			isa = PBXGroup;
			children = (
				83FFFCD9275220A70052408B /* ControllersMapView.swift */,
				83FFFCDB275227F70052408B /* ControllersMapCell.swift */,
			);
			path = ControllersMap;
			sourceTree = "<group>";
		};
		83FFFCDD27522E960052408B /* ConfigComponentView */ = {
			isa = PBXGroup;
			children = (
				83FFFCDE27522EB30052408B /* ConfigComponentView.swift */,
				83FFFCE02752374C0052408B /* ConfigComponentCell.swift */,
			);
			path = ConfigComponentView;
			sourceTree = "<group>";
		};
		83FFFCE22752387C0052408B /* Model */ = {
			isa = PBXGroup;
			children = (
				83FFFCEC27524EEE0052408B /* Element */,
				83FFFCE3275238850052408B /* ConfigParametrModel.swift */,
				83FFFCE5275238940052408B /* ControllerModel.swift */,
				45EC5C242752617300C7F5A0 /* AppModel.swift */,
			);
			path = Model;
			sourceTree = "<group>";
		};
		83FFFCE727523D2E0052408B /* AppMap */ = {
			isa = PBXGroup;
			children = (
				83FFFCE827523D3F0052408B /* AppMapView.swift */,
				83FFFCEA27523E110052408B /* ControllerDesrCell.swift */,
			);
			path = AppMap;
			sourceTree = "<group>";
		};
		83FFFCEC27524EEE0052408B /* Element */ = {
			isa = PBXGroup;
			children = (
				45EC5C1927521AD500C7F5A0 /* ElementEnum.swift */,
				83FFFCED27524F010052408B /* ElementModel.swift */,
			);
			path = Element;
			sourceTree = "<group>";
		};
/* End PBXGroup section */

/* Begin PBXNativeTarget section */
		83FFFCC0275213340052408B /* FutureGo */ = {
			isa = PBXNativeTarget;
			buildConfigurationList = 83FFFCD5275213370052408B /* Build configuration list for PBXNativeTarget "FutureGo" */;
			buildPhases = (
				6780FD02ECE286D252D44A6D /* [CP] Check Pods Manifest.lock */,
				83FFFCBD275213340052408B /* Sources */,
				83FFFCBE275213340052408B /* Frameworks */,
				83FFFCBF275213340052408B /* Resources */,
				6D3446371262ECAB0C776F0D /* [CP] Embed Pods Frameworks */,
			);
			buildRules = (
			);
			dependencies = (
			);
			name = FutureGo;
			productName = FutureGo;
			productReference = 83FFFCC1275213340052408B /* FutureGo.app */;
			productType = "com.apple.product-type.application";
		};
/* End PBXNativeTarget section */

/* Begin PBXProject section */
		83FFFCB9275213340052408B /* Project object */ = {
			isa = PBXProject;
			attributes = {
				LastSwiftUpdateCheck = 1250;
				LastUpgradeCheck = 1250;
				TargetAttributes = {
					83FFFCC0275213340052408B = {
						CreatedOnToolsVersion = 12.5.1;
					};
				};
			};
			buildConfigurationList = 83FFFCBC275213340052408B /* Build configuration list for PBXProject "FutureGo" */;
			compatibilityVersion = "Xcode 9.3";
			developmentRegion = en;
			hasScannedForEncodings = 0;
			knownRegions = (
				en,
				Base,
			);
			mainGroup = 83FFFCB8275213340052408B;
			productRefGroup = 83FFFCC2275213340052408B /* Products */;
			projectDirPath = "";
			projectRoot = "";
			targets = (
				83FFFCC0275213340052408B /* FutureGo */,
			);
		};
/* End PBXProject section */

/* Begin PBXResourcesBuildPhase section */
		83FFFCBF275213340052408B /* Resources */ = {
			isa = PBXResourcesBuildPhase;
			buildActionMask = 2147483647;
			files = (
				4545362A2752B0C00061805F /* SampleSwipeableCard.xib in Resources */,
				83FFFCD1275213370052408B /* LaunchScreen.storyboard in Resources */,
				83FFFCCE275213370052408B /* Assets.xcassets in Resources */,
				454536332752B0C00061805F /* SwipeableCardViewCard.xib in Resources */,
				83FFFCCC275213340052408B /* Main.storyboard in Resources */,
				4545362D2752B0C00061805F /* StaticShadowHeaderView.xib in Resources */,
			);
			runOnlyForDeploymentPostprocessing = 0;
		};
/* End PBXResourcesBuildPhase section */

/* Begin PBXShellScriptBuildPhase section */
		6780FD02ECE286D252D44A6D /* [CP] Check Pods Manifest.lock */ = {
			isa = PBXShellScriptBuildPhase;
			buildActionMask = 2147483647;
			files = (
			);
			inputFileListPaths = (
			);
			inputPaths = (
				"${PODS_PODFILE_DIR_PATH}/Podfile.lock",
				"${PODS_ROOT}/Manifest.lock",
			);
			name = "[CP] Check Pods Manifest.lock";
			outputFileListPaths = (
			);
			outputPaths = (
				"$(DERIVED_FILE_DIR)/Pods-FutureGo-checkManifestLockResult.txt",
			);
			runOnlyForDeploymentPostprocessing = 0;
			shellPath = /bin/sh;
			shellScript = "diff \"${PODS_PODFILE_DIR_PATH}/Podfile.lock\" \"${PODS_ROOT}/Manifest.lock\" > /dev/null\nif [ $? != 0 ] ; then\n    # print error to STDERR\n    echo \"error: The sandbox is not in sync with the Podfile.lock. Run 'pod install' or update your CocoaPods installation.\" >&2\n    exit 1\nfi\n# This output is used by Xcode 'outputs' to avoid re-running this script phase.\necho \"SUCCESS\" > \"${SCRIPT_OUTPUT_FILE_0}\"\n";
			showEnvVarsInLog = 0;
		};
		6D3446371262ECAB0C776F0D /* [CP] Embed Pods Frameworks */ = {
			isa = PBXShellScriptBuildPhase;
			buildActionMask = 2147483647;
			files = (
			);
			inputFileListPaths = (
				"${PODS_ROOT}/Target Support Files/Pods-FutureGo/Pods-FutureGo-frameworks-${CONFIGURATION}-input-files.xcfilelist",
			);
			name = "[CP] Embed Pods Frameworks";
			outputFileListPaths = (
				"${PODS_ROOT}/Target Support Files/Pods-FutureGo/Pods-FutureGo-frameworks-${CONFIGURATION}-output-files.xcfilelist",
			);
			runOnlyForDeploymentPostprocessing = 0;
			shellPath = /bin/sh;
			shellScript = "\"${PODS_ROOT}/Target Support Files/Pods-FutureGo/Pods-FutureGo-frameworks.sh\"\n";
			showEnvVarsInLog = 0;
		};
/* End PBXShellScriptBuildPhase section */

/* Begin PBXSourcesBuildPhase section */
		83FFFCBD275213340052408B /* Sources */ = {
			isa = PBXSourcesBuildPhase;
			buildActionMask = 2147483647;
			files = (
				4545362C2752B0C00061805F /* SwipeableViewDelegate.swift in Sources */,
				83FFFCEE27524F010052408B /* ElementModel.swift in Sources */,
				4545362E2752B0C00061805F /* CGRect+SwipeAdditions.swift in Sources */,
				454536312752B0C00061805F /* SwipeableCardViewDataSource.swift in Sources */,
				83FFFCDF27522EB30052408B /* ConfigComponentView.swift in Sources */,
				83FFFCC9275213340052408B /* ConstructorVC.swift in Sources */,
				83FFFCC5275213340052408B /* AppDelegate.swift in Sources */,
				454536382752B0C00061805F /* SwipeableView.swift in Sources */,
				83FFFCE6275238940052408B /* ControllerModel.swift in Sources */,
				45EC5C202752271000C7F5A0 /* DragableView.swift in Sources */,
				83FFFCEB27523E110052408B /* ControllerDesrCell.swift in Sources */,
				45EC5C1727521A3000C7F5A0 /* ElementTableView.swift in Sources */,
				45EC5C1E27521C2B00C7F5A0 /* extensionConstrint.swift in Sources */,
				83FFFCC7275213340052408B /* SceneDelegate.swift in Sources */,
				83FFFCDC275227F70052408B /* ControllersMapCell.swift in Sources */,
				83FFFCF02752949A0052408B /* extensionUIColor.swift in Sources */,
				45EC5C1C27521B1800C7F5A0 /* UIElementCell.swift in Sources */,
				45EC5C232752606C00C7F5A0 /* BuildVC.swift in Sources */,
				4545362F2752B0C00061805F /* SwipeableCardViewCard.swift in Sources */,
				454536352752B0C00061805F /* StaticShadowHeaderView.swift in Sources */,
				83FFFCE12752374C0052408B /* ConfigComponentCell.swift in Sources */,
				454536362752B0C00061805F /* CGPoint+SwipeableAdditions.swift in Sources */,
				45EC5C252752617300C7F5A0 /* AppModel.swift in Sources */,
				4545362B2752B0C00061805F /* SampleSwipeableCellViewModel.swift in Sources */,
				83FFFCE4275238850052408B /* ConfigParametrModel.swift in Sources */,
				45CD8E0F2752B22E00204405 /* extensionView.swift in Sources */,
				454536392752B0C00061805F /* SwipeDirection.swift in Sources */,
				83FFFCDA275220A70052408B /* ControllersMapView.swift in Sources */,
				454536322752B0C00061805F /* SampleSwipeableCard.swift in Sources */,
				454536342752B0C00061805F /* NibView.swift in Sources */,
				454536372752B0C00061805F /* SwipeableCardViewDelegate.swift in Sources */,
				83FFFCE927523D3F0052408B /* AppMapView.swift in Sources */,
				454536302752B0C00061805F /* SwipeableCardViewContainer.swift in Sources */,
				45EC5C1A27521AD500C7F5A0 /* ElementEnum.swift in Sources */,
			);
			runOnlyForDeploymentPostprocessing = 0;
		};
/* End PBXSourcesBuildPhase section */

/* Begin PBXVariantGroup section */
		83FFFCCA275213340052408B /* Main.storyboard */ = {
			isa = PBXVariantGroup;
			children = (
				83FFFCCB275213340052408B /* Base */,
			);
			name = Main.storyboard;
			sourceTree = "<group>";
		};
		83FFFCCF275213370052408B /* LaunchScreen.storyboard */ = {
			isa = PBXVariantGroup;
			children = (
				83FFFCD0275213370052408B /* Base */,
			);
			name = LaunchScreen.storyboard;
			sourceTree = "<group>";
		};
/* End PBXVariantGroup section */

/* Begin XCBuildConfiguration section */
		83FFFCD3275213370052408B /* Debug */ = {
			isa = XCBuildConfiguration;
			buildSettings = {
				ALWAYS_SEARCH_USER_PATHS = NO;
				CLANG_ANALYZER_NONNULL = YES;
				CLANG_ANALYZER_NUMBER_OBJECT_CONVERSION = YES_AGGRESSIVE;
				CLANG_CXX_LANGUAGE_STANDARD = "gnu++14";
				CLANG_CXX_LIBRARY = "libc++";
				CLANG_ENABLE_MODULES = YES;
				CLANG_ENABLE_OBJC_ARC = YES;
				CLANG_ENABLE_OBJC_WEAK = YES;
				CLANG_WARN_BLOCK_CAPTURE_AUTORELEASING = YES;
				CLANG_WARN_BOOL_CONVERSION = YES;
				CLANG_WARN_COMMA = YES;
				CLANG_WARN_CONSTANT_CONVERSION = YES;
				CLANG_WARN_DEPRECATED_OBJC_IMPLEMENTATIONS = YES;
				CLANG_WARN_DIRECT_OBJC_ISA_USAGE = YES_ERROR;
				CLANG_WARN_DOCUMENTATION_COMMENTS = YES;
				CLANG_WARN_EMPTY_BODY = YES;
				CLANG_WARN_ENUM_CONVERSION = YES;
				CLANG_WARN_INFINITE_RECURSION = YES;
				CLANG_WARN_INT_CONVERSION = YES;
				CLANG_WARN_NON_LITERAL_NULL_CONVERSION = YES;
				CLANG_WARN_OBJC_IMPLICIT_RETAIN_SELF = YES;
				CLANG_WARN_OBJC_LITERAL_CONVERSION = YES;
				CLANG_WARN_OBJC_ROOT_CLASS = YES_ERROR;
				CLANG_WARN_QUOTED_INCLUDE_IN_FRAMEWORK_HEADER = YES;
				CLANG_WARN_RANGE_LOOP_ANALYSIS = YES;
				CLANG_WARN_STRICT_PROTOTYPES = YES;
				CLANG_WARN_SUSPICIOUS_MOVE = YES;
				CLANG_WARN_UNGUARDED_AVAILABILITY = YES_AGGRESSIVE;
				CLANG_WARN_UNREACHABLE_CODE = YES;
				CLANG_WARN__DUPLICATE_METHOD_MATCH = YES;
				COPY_PHASE_STRIP = NO;
				DEBUG_INFORMATION_FORMAT = dwarf;
				ENABLE_STRICT_OBJC_MSGSEND = YES;
				ENABLE_TESTABILITY = YES;
				GCC_C_LANGUAGE_STANDARD = gnu11;
				GCC_DYNAMIC_NO_PIC = NO;
				GCC_NO_COMMON_BLOCKS = YES;
				GCC_OPTIMIZATION_LEVEL = 0;
				GCC_PREPROCESSOR_DEFINITIONS = (
					"DEBUG=1",
					"$(inherited)",
				);
				GCC_WARN_64_TO_32_BIT_CONVERSION = YES;
				GCC_WARN_ABOUT_RETURN_TYPE = YES_ERROR;
				GCC_WARN_UNDECLARED_SELECTOR = YES;
				GCC_WARN_UNINITIALIZED_AUTOS = YES_AGGRESSIVE;
				GCC_WARN_UNUSED_FUNCTION = YES;
				GCC_WARN_UNUSED_VARIABLE = YES;
				IPHONEOS_DEPLOYMENT_TARGET = 14.5;
				MTL_ENABLE_DEBUG_INFO = INCLUDE_SOURCE;
				MTL_FAST_MATH = YES;
				ONLY_ACTIVE_ARCH = YES;
				SDKROOT = iphoneos;
				SWIFT_ACTIVE_COMPILATION_CONDITIONS = DEBUG;
				SWIFT_OPTIMIZATION_LEVEL = "-Onone";
			};
			name = Debug;
		};
		83FFFCD4275213370052408B /* Release */ = {
			isa = XCBuildConfiguration;
			buildSettings = {
				ALWAYS_SEARCH_USER_PATHS = NO;
				CLANG_ANALYZER_NONNULL = YES;
				CLANG_ANALYZER_NUMBER_OBJECT_CONVERSION = YES_AGGRESSIVE;
				CLANG_CXX_LANGUAGE_STANDARD = "gnu++14";
				CLANG_CXX_LIBRARY = "libc++";
				CLANG_ENABLE_MODULES = YES;
				CLANG_ENABLE_OBJC_ARC = YES;
				CLANG_ENABLE_OBJC_WEAK = YES;
				CLANG_WARN_BLOCK_CAPTURE_AUTORELEASING = YES;
				CLANG_WARN_BOOL_CONVERSION = YES;
				CLANG_WARN_COMMA = YES;
				CLANG_WARN_CONSTANT_CONVERSION = YES;
				CLANG_WARN_DEPRECATED_OBJC_IMPLEMENTATIONS = YES;
				CLANG_WARN_DIRECT_OBJC_ISA_USAGE = YES_ERROR;
				CLANG_WARN_DOCUMENTATION_COMMENTS = YES;
				CLANG_WARN_EMPTY_BODY = YES;
				CLANG_WARN_ENUM_CONVERSION = YES;
				CLANG_WARN_INFINITE_RECURSION = YES;
				CLANG_WARN_INT_CONVERSION = YES;
				CLANG_WARN_NON_LITERAL_NULL_CONVERSION = YES;
				CLANG_WARN_OBJC_IMPLICIT_RETAIN_SELF = YES;
				CLANG_WARN_OBJC_LITERAL_CONVERSION = YES;
				CLANG_WARN_OBJC_ROOT_CLASS = YES_ERROR;
				CLANG_WARN_QUOTED_INCLUDE_IN_FRAMEWORK_HEADER = YES;
				CLANG_WARN_RANGE_LOOP_ANALYSIS = YES;
				CLANG_WARN_STRICT_PROTOTYPES = YES;
				CLANG_WARN_SUSPICIOUS_MOVE = YES;
				CLANG_WARN_UNGUARDED_AVAILABILITY = YES_AGGRESSIVE;
				CLANG_WARN_UNREACHABLE_CODE = YES;
				CLANG_WARN__DUPLICATE_METHOD_MATCH = YES;
				COPY_PHASE_STRIP = NO;
				DEBUG_INFORMATION_FORMAT = "dwarf-with-dsym";
				ENABLE_NS_ASSERTIONS = NO;
				ENABLE_STRICT_OBJC_MSGSEND = YES;
				GCC_C_LANGUAGE_STANDARD = gnu11;
				GCC_NO_COMMON_BLOCKS = YES;
				GCC_WARN_64_TO_32_BIT_CONVERSION = YES;
				GCC_WARN_ABOUT_RETURN_TYPE = YES_ERROR;
				GCC_WARN_UNDECLARED_SELECTOR = YES;
				GCC_WARN_UNINITIALIZED_AUTOS = YES_AGGRESSIVE;
				GCC_WARN_UNUSED_FUNCTION = YES;
				GCC_WARN_UNUSED_VARIABLE = YES;
				IPHONEOS_DEPLOYMENT_TARGET = 14.5;
				MTL_ENABLE_DEBUG_INFO = NO;
				MTL_FAST_MATH = YES;
				SDKROOT = iphoneos;
				SWIFT_COMPILATION_MODE = wholemodule;
				SWIFT_OPTIMIZATION_LEVEL = "-O";
				VALIDATE_PRODUCT = YES;
			};
			name = Release;
		};
		83FFFCD6275213370052408B /* Debug */ = {
			isa = XCBuildConfiguration;
			baseConfigurationReference = 9F102D59536DC34A0A2B83E5 /* Pods-FutureGo.debug.xcconfig */;
			buildSettings = {
				ASSETCATALOG_COMPILER_APPICON_NAME = AppIcon;
				ASSETCATALOG_COMPILER_GLOBAL_ACCENT_COLOR_NAME = AccentColor;
				CODE_SIGN_STYLE = Automatic;
				DEVELOPMENT_TEAM = H422P68XB7;
				INFOPLIST_FILE = FutureGo/Info.plist;
				LD_RUNPATH_SEARCH_PATHS = (
					"$(inherited)",
					"@executable_path/Frameworks",
				);
				PRODUCT_BUNDLE_IDENTIFIER = futureGo.FutureGo;
				PRODUCT_NAME = "$(TARGET_NAME)";
				SWIFT_VERSION = 5.0;
				TARGETED_DEVICE_FAMILY = "1,2";
			};
			name = Debug;
		};
		83FFFCD7275213370052408B /* Release */ = {
			isa = XCBuildConfiguration;
			baseConfigurationReference = E189E6755AF98E4103562607 /* Pods-FutureGo.release.xcconfig */;
			buildSettings = {
				ASSETCATALOG_COMPILER_APPICON_NAME = AppIcon;
				ASSETCATALOG_COMPILER_GLOBAL_ACCENT_COLOR_NAME = AccentColor;
				CODE_SIGN_STYLE = Automatic;
				DEVELOPMENT_TEAM = H422P68XB7;
				INFOPLIST_FILE = FutureGo/Info.plist;
				LD_RUNPATH_SEARCH_PATHS = (
					"$(inherited)",
					"@executable_path/Frameworks",
				);
				PRODUCT_BUNDLE_IDENTIFIER = futureGo.FutureGo;
				PRODUCT_NAME = "$(TARGET_NAME)";
				SWIFT_VERSION = 5.0;
				TARGETED_DEVICE_FAMILY = "1,2";
			};
			name = Release;
		};
/* End XCBuildConfiguration section */

/* Begin XCConfigurationList section */
		83FFFCBC275213340052408B /* Build configuration list for PBXProject "FutureGo" */ = {
			isa = XCConfigurationList;
			buildConfigurations = (
				83FFFCD3275213370052408B /* Debug */,
				83FFFCD4275213370052408B /* Release */,
			);
			defaultConfigurationIsVisible = 0;
			defaultConfigurationName = Release;
		};
		83FFFCD5275213370052408B /* Build configuration list for PBXNativeTarget "FutureGo" */ = {
			isa = XCConfigurationList;
			buildConfigurations = (
				83FFFCD6275213370052408B /* Debug */,
				83FFFCD7275213370052408B /* Release */,
			);
			defaultConfigurationIsVisible = 0;
			defaultConfigurationName = Release;
		};
/* End XCConfigurationList section */
	};
	rootObject = 83FFFCB9275213340052408B /* Project object */;
}
